Microsoft Visual Studio Solution File, Format Version 12.00
# Visual Studio Version 17
VisualStudioVersion = 17.5.2.0
MinimumVisualStudioVersion = 10.0.40219.1
Project("{FAE04EC0-301F-11D3-BF4B-00C04F79EFBC}") = "AFTRS", "AFTRS.csproj", "{D5C01DC0-A041-0217-03E1-81798EB5C387}"
EndProject
Global
	GlobalSection(SolutionConfigurationPlatforms) = preSolution
		Debug|Any CPU = Debug|Any CPU
		Release|Any CPU = Release|Any CPU
	EndGlobalSection
	GlobalSection(ProjectConfigurationPlatforms) = postSolution
		{D5C01DC0-A041-0217-03E1-81798EB5C387}.Debug|Any CPU.ActiveCfg = Debug|Any CPU
		{D5C01DC0-A041-0217-03E1-81798EB5C387}.Debug|Any CPU.Build.0 = Debug|Any CPU
		{D5C01DC0-A041-0217-03E1-81798EB5C387}.Release|Any CPU.ActiveCfg = Release|Any CPU
		{D5C01DC0-A041-0217-03E1-81798EB5C387}.Release|Any CPU.Build.0 = Release|Any CPU
	EndGlobalSection
	GlobalSection(SolutionProperties) = preSolution
		HideSolutionNode = FALSE
	EndGlobalSection
	GlobalSection(ExtensibilityGlobals) = postSolution
		SolutionGuid = {2AD461DB-6DD2-4C47-89BD-EA1C706B821A}
	EndGlobalSection
EndGlobal
